# This file is automatically @generated by Poetry 1.4.0 and should not be changed by hand.

[[package]]
name = "protobuf"
version = "4.22.1"
description = ""
category = "dev"
optional = false
python-versions = ">=3.7"
files = [
    {file = "protobuf-4.22.1-cp310-abi3-win32.whl", hash = "sha256:85aa9acc5a777adc0c21b449dafbc40d9a0b6413ff3a4f77ef9df194be7f975b"},
    {file = "protobuf-4.22.1-cp310-abi3-win_amd64.whl", hash = "sha256:8bc971d76c03f1dd49f18115b002254f2ddb2d4b143c583bb860b796bb0d399e"},
    {file = "protobuf-4.22.1-cp37-abi3-macosx_10_9_universal2.whl", hash = "sha256:5917412347e1da08ce2939eb5cd60650dfb1a9ab4606a415b9278a1041fb4d19"},
    {file = "protobuf-4.22.1-cp37-abi3-manylinux2014_aarch64.whl", hash = "sha256:9e12e2810e7d297dbce3c129ae5e912ffd94240b050d33f9ecf023f35563b14f"},
    {file = "protobuf-4.22.1-cp37-abi3-manylinux2014_x86_64.whl", hash = "sha256:953fc7904ef46900262a26374b28c2864610b60cdc8b272f864e22143f8373c4"},
    {file = "protobuf-4.22.1-cp37-cp37m-win32.whl", hash = "sha256:6e100f7bc787cd0a0ae58dbf0ab8bbf1ee7953f862b89148b6cf5436d5e9eaa1"},
    {file = "protobuf-4.22.1-cp37-cp37m-win_amd64.whl", hash = "sha256:87a6393fa634f294bf24d1cfe9fdd6bb605cbc247af81b9b10c4c0f12dfce4b3"},
    {file = "protobuf-4.22.1-cp38-cp38-win32.whl", hash = "sha256:e3fb58076bdb550e75db06ace2a8b3879d4c4f7ec9dd86e4254656118f4a78d7"},
    {file = "protobuf-4.22.1-cp38-cp38-win_amd64.whl", hash = "sha256:651113695bc2e5678b799ee5d906b5d3613f4ccfa61b12252cfceb6404558af0"},
    {file = "protobuf-4.22.1-cp39-cp39-win32.whl", hash = "sha256:67b7d19da0fda2733702c2299fd1ef6cb4b3d99f09263eacaf1aa151d9d05f02"},
    {file = "protobuf-4.22.1-cp39-cp39-win_amd64.whl", hash = "sha256:b8700792f88e59ccecfa246fa48f689d6eee6900eddd486cdae908ff706c482b"},
    {file = "protobuf-4.22.1-py3-none-any.whl", hash = "sha256:3e19dcf4adbf608924d3486ece469dd4f4f2cf7d2649900f0efcd1a84e8fd3ba"},
    {file = "protobuf-4.22.1.tar.gz", hash = "sha256:dce7a55d501c31ecf688adb2f6c3f763cf11bc0be815d1946a84d74772ab07a7"},
]

[[package]]
name = "ruff"
version = "0.0.246"
description = "An extremely fast Python linter, written in Rust."
category = "main"
optional = false
python-versions = ">=3.7"
files = [
    {file = "ruff-0.0.246-py3-none-macosx_10_7_x86_64.whl", hash = "sha256:2474a805c4244cfaf0390a745a0c5ea9e5452f52fbce0be74930fece8bd40b90"},
    {file = "ruff-0.0.246-py3-none-macosx_10_9_x86_64.macosx_11_0_arm64.macosx_10_9_universal2.whl", hash = "sha256:5839a213a90220845693c95d7e6a19ab26751b9e37047ef8f4a58dc49230c817"},
    {file = "ruff-0.0.246-py3-none-manylinux_2_17_aarch64.manylinux2014_aarch64.whl", hash = "sha256:589aff453085cad28b8d1f517161a6b37a6d359cda419f64c009e0f7ff424d72"},
    {file = "ruff-0.0.246-py3-none-manylinux_2_17_armv7l.manylinux2014_armv7l.whl", hash = "sha256:529a7d72f48331b97367cd6d42273f3cafa764d9373e74b75561367135958546"},
    {file = "ruff-0.0.246-py3-none-manylinux_2_17_i686.manylinux2014_i686.whl", hash = "sha256:ca7d1ee44144460ae119a6212aaff77a671a5729d543b981c786c052011cdfe3"},
    {file = "ruff-0.0.246-py3-none-manylinux_2_17_ppc64.manylinux2014_ppc64.whl", hash = "sha256:ebe6052bc87ee51d84af231ccd27e5338fdc30d8bf49e51bdcfceb44c51c5625"},
    {file = "ruff-0.0.246-py3-none-manylinux_2_17_ppc64le.manylinux2014_ppc64le.whl", hash = "sha256:8173a00766b88b47431e8e744f577d06c6c52c0e18181ac29a701a9d5c035b39"},
    {file = "ruff-0.0.246-py3-none-manylinux_2_17_s390x.manylinux2014_s390x.whl", hash = "sha256:45cde6f9df94fb393ffeeada2daca279569b9d53d1d95d49b9b5b418fe70bd23"},
    {file = "ruff-0.0.246-py3-none-manylinux_2_17_x86_64.manylinux2014_x86_64.whl", hash = "sha256:468f282e26d1845f4a06dcd76fdc355f4288208e6b97f061951a7ffd6725102e"},
    {file = "ruff-0.0.246-py3-none-musllinux_1_2_aarch64.whl", hash = "sha256:67d5fa9abdcb764a7cee242fb65e303662c9cb80104a2dd0657e96fca8a7c6d8"},
    {file = "ruff-0.0.246-py3-none-musllinux_1_2_armv7l.whl", hash = "sha256:64af553f8ff4d1f51a24104ac8f81b5ce6df9c230d776fa4dd22db96699efdb0"},
    {file = "ruff-0.0.246-py3-none-musllinux_1_2_i686.whl", hash = "sha256:734ff8fef2e7105cf6946e525b3e8cbed035edc9d58c4f47aac7205dbd1e55c0"},
    {file = "ruff-0.0.246-py3-none-musllinux_1_2_x86_64.whl", hash = "sha256:449e6632c13902df06ac14ccfc7bad71841ab90bfa64e8cb3f1a2ea91e647df0"},
    {file = "ruff-0.0.246-py3-none-win32.whl", hash = "sha256:f6004332134580f0ede29d86a9a16102ba07c25799e0ab9683359216a419366b"},
    {file = "ruff-0.0.246-py3-none-win_amd64.whl", hash = "sha256:dd4f58b9295615ebb01563a38a5594fcb4664bb6106b2ccd00b90c0f1d14cf8c"},
    {file = "ruff-0.0.246.tar.gz", hash = "sha256:f8403e31e64b15c9b3e2745b0400e2f43eea81493ae0fa85e275ed0800a89c19"},
]

[[package]]
name = "temporalio"
version = "1.1.0"
description = "Temporal.io Python SDK"
category = "dev"
optional = false
python-versions = ">=3.7,<4.0"
files = [
    {file = "temporalio-1.1.0-cp37-abi3-macosx_10_9_x86_64.whl", hash = "sha256:1729336d974ee8a4f9fa3802024f3cc5e67c9ce9f75b4e833729e70d28aef78e"},
    {file = "temporalio-1.1.0-cp37-abi3-manylinux2014_aarch64.manylinux_2_17_aarch64.whl", hash = "sha256:864bd436b1f2432a36ace5667e68020a574f2d8e80799e8d7c35b84c2f40359f"},
    {file = "temporalio-1.1.0-cp37-abi3-manylinux2014_x86_64.manylinux_2_17_x86_64.whl", hash = "sha256:b4b2dd9df66c611d9b062e1d55eb003832f1dd3c5ae218470ac1ed0a26c737bd"},
    {file = "temporalio-1.1.0-cp37-abi3-win_amd64.whl", hash = "sha256:7ef2cfe05b4d2f0adde700cf532629be252276ccd5f84d6ca990c75ed86a0ef4"},
    {file = "temporalio-1.1.0-cp38-abi3-macosx_11_0_arm64.whl", hash = "sha256:001ff14d5e057b2562d78851d1064f90f5c4a8d4424c4f8caac63792761cdf4f"},
    {file = "temporalio-1.1.0.tar.gz", hash = "sha256:ee50d6414195d17366a071c190dbdc027ed30d12322a1b0ad70be99a47820542"},
]

[package.dependencies]
protobuf = ">=3.20"
types-protobuf = ">=3.20"
typing-extensions = ">=4.2.0,<5.0.0"

[package.extras]
grpc = ["grpcio (>=1.48.0,<2.0.0)"]
opentelemetry = ["opentelemetry-api (>=1.11.1,<2.0.0)", "opentelemetry-sdk (>=1.11.1,<2.0.0)"]

[[package]]
name = "types-protobuf"
version = "4.22.0.2"
description = "Typing stubs for protobuf"
category = "dev"
optional = false
python-versions = "*"
files = [
    {file = "types-protobuf-4.22.0.2.tar.gz", hash = "sha256:031a77403a8952b31869b9ff3883c9a21649dd224ca3673ee4287384e91ea2be"},
    {file = "types_protobuf-4.22.0.2-py3-none-any.whl", hash = "sha256:51c23400114461ec96aeca718f1dc3e05d6afb4ef6cc0a94f27af760c576a5bf"},
]

[[package]]
name = "typing-extensions"
version = "4.5.0"
description = "Backported and Experimental Type Hints for Python 3.7+"
category = "dev"
optional = false
python-versions = ">=3.7"
files = [
    {file = "typing_extensions-4.5.0-py3-none-any.whl", hash = "sha256:fb33085c39dd998ac16d1431ebc293a8b3eedd00fd4a32de0ff79002c19511b4"},
    {file = "typing_extensions-4.5.0.tar.gz", hash = "sha256:5cb5f4a79139d699607b3ef622a1dedafa84e115ab0024e0d9c044a9479ca7cb"},
]

[metadata]
lock-version = "2.0"
python-versions = "^3.11"
content-hash = "4378e329ce2e4f6c1d80ebd742a2170e723a9a1c5fb4e42265a03952cce6ef85"
